github.com/xanygo/anygo v0.0.0-20251029042508-4d7e4b6ea62b h1:EtFkLKIGkc7yIC4K0P7dCmApRL8aplTQfBO2LkDv1v8=
github.com/xanygo/anygo v0.0.0-20251029042508-4d7e4b6ea62b/go.mod h1:Z2c+FB/85TK4MnI6lIwGFAH0Q6/kQ3t6dGK8+IZAUxk=
golang.org/x/mod v0.29.0 h1:HV8lRxZC4l2cr3Zq1LvtOsi/ThTgWnUk/y64QSs8GwA=
golang.org/x/mod v0.29.0/go.mod h1:NyhrlYXJ2H4eJiRy/WDBO6HMqZQ6q9nk4JzS3NuCK+w=
