github.com/fsgo/fst v0.0.2 h1:mrF6KJdOcMZaoj62EdPTBaXP9RXx/GIfokqR/MbD5c4=
github.com/fsgo/fst v0.0.2/go.mod h1:vNB0la0LICDwsMuwD7KR8NNDnslYyH/1x1+fOamXra8=
golang.org/x/mod v0.19.0 h1:fEdghXQSo20giMthA7cd28ZC+jts4amQ3YMXiP5oMQ8=
golang.org/x/mod v0.19.0/go.mod h1:hTbmBsO62+eylJbnUtE2MGJUyE7QWk4xUqPFrRgJ+7c=
